
Microsoft Visual Studio Solution File, Format Version 12.00
# Visual Studio Version 17
VisualStudioVersion = 17.11.35312.102
MinimumVisualStudioVersion = 10.0.40219.1
Project("{FAE04EC0-301F-11D3-BF4B-00C04F79EFBC}") = "GamesStore2", "GamesStore2\GamesStore2.csproj", "{4EC9685D-1C58-4C8B-BBFC-F61F46FF54EE}"
EndProject
Global
	GlobalSection(SolutionConfigurationPlatforms) = preSolution
		Debug|Any CPU = Debug|Any CPU
		Release|Any CPU = Release|Any CPU
	EndGlobalSection
	GlobalSection(ProjectConfigurationPlatforms) = postSolution
		{4EC9685D-1C58-4C8B-BBFC-F61F46FF54EE}.Debug|Any CPU.ActiveCfg = Debug|Any CPU
		{4EC9685D-1C58-4C8B-BBFC-F61F46FF54EE}.Debug|Any CPU.Build.0 = Debug|Any CPU
		{4EC9685D-1C58-4C8B-BBFC-F61F46FF54EE}.Release|Any CPU.ActiveCfg = Release|Any CPU
		{4EC9685D-1C58-4C8B-BBFC-F61F46FF54EE}.Release|Any CPU.Build.0 = Release|Any CPU
	EndGlobalSection
	GlobalSection(SolutionProperties) = preSolution
		HideSolutionNode = FALSE
	EndGlobalSection
	GlobalSection(ExtensibilityGlobals) = postSolution
		SolutionGuid = {348A1557-61FA-4058-BC7A-5FE1AEA6BB9A}
	EndGlobalSection
EndGlobal
